
Microsoft Visual Studio Solution File, Format Version 12.00
# Visual Studio Version 16
VisualStudioVersion = 16.0.30523.141
MinimumVisualStudioVersion = 10.0.40219.1
Project("{9A19103F-16F7-4668-BE54-9A1E7A4F7556}") = "BeerOverflow", "BeerOverflow\BeerOverflow.csproj", "{8E117BFC-6585-49D4-9319-98BB695776F1}"
EndProject
Project("{9A19103F-16F7-4668-BE54-9A1E7A4F7556}") = "BeerOverflow.Models", "BeerOverflow.Models\BeerOverflow.Models.csproj", "{05CCACCA-B467-4AE5-949B-622A449F6D79}"
EndProject
Project("{9A19103F-16F7-4668-BE54-9A1E7A4F7556}") = "BeerOverflow.Database", "BeerOverflow.Database\BeerOverflow.Database.csproj", "{F725219C-CD55-45BC-8DC5-964C12CEFD45}"
EndProject
Project("{9A19103F-16F7-4668-BE54-9A1E7A4F7556}") = "BeerOverflow.Services", "BeerOverflow.Services\BeerOverflow.Services.csproj", "{B75566E3-36E9-4761-BE70-87E191FCC7FD}"
EndProject
Project("{FAE04EC0-301F-11D3-BF4B-00C04F79EFBC}") = "BeerOverflow.Test", "BeerOverflow.Test\BeerOverflow.Test.csproj", "{8F9C74CC-FC39-460C-9DF9-DD7313CDB58A}"
EndProject
Global
	GlobalSection(SolutionConfigurationPlatforms) = preSolution
		Debug|Any CPU = Debug|Any CPU
		Release|Any CPU = Release|Any CPU
	EndGlobalSection
	GlobalSection(ProjectConfigurationPlatforms) = postSolution
		{8E117BFC-6585-49D4-9319-98BB695776F1}.Debug|Any CPU.ActiveCfg = Debug|Any CPU
		{8E117BFC-6585-49D4-9319-98BB695776F1}.Debug|Any CPU.Build.0 = Debug|Any CPU
		{8E117BFC-6585-49D4-9319-98BB695776F1}.Release|Any CPU.ActiveCfg = Release|Any CPU
		{8E117BFC-6585-49D4-9319-98BB695776F1}.Release|Any CPU.Build.0 = Release|Any CPU
		{05CCACCA-B467-4AE5-949B-622A449F6D79}.Debug|Any CPU.ActiveCfg = Debug|Any CPU
		{05CCACCA-B467-4AE5-949B-622A449F6D79}.Debug|Any CPU.Build.0 = Debug|Any CPU
		{05CCACCA-B467-4AE5-949B-622A449F6D79}.Release|Any CPU.ActiveCfg = Release|Any CPU
		{05CCACCA-B467-4AE5-949B-622A449F6D79}.Release|Any CPU.Build.0 = Release|Any CPU
		{F725219C-CD55-45BC-8DC5-964C12CEFD45}.Debug|Any CPU.ActiveCfg = Debug|Any CPU
		{F725219C-CD55-45BC-8DC5-964C12CEFD45}.Debug|Any CPU.Build.0 = Debug|Any CPU
		{F725219C-CD55-45BC-8DC5-964C12CEFD45}.Release|Any CPU.ActiveCfg = Release|Any CPU
		{F725219C-CD55-45BC-8DC5-964C12CEFD45}.Release|Any CPU.Build.0 = Release|Any CPU
		{B75566E3-36E9-4761-BE70-87E191FCC7FD}.Debug|Any CPU.ActiveCfg = Debug|Any CPU
		{B75566E3-36E9-4761-BE70-87E191FCC7FD}.Debug|Any CPU.Build.0 = Debug|Any CPU
		{B75566E3-36E9-4761-BE70-87E191FCC7FD}.Release|Any CPU.ActiveCfg = Release|Any CPU
		{B75566E3-36E9-4761-BE70-87E191FCC7FD}.Release|Any CPU.Build.0 = Release|Any CPU
		{8F9C74CC-FC39-460C-9DF9-DD7313CDB58A}.Debug|Any CPU.ActiveCfg = Debug|Any CPU
		{8F9C74CC-FC39-460C-9DF9-DD7313CDB58A}.Debug|Any CPU.Build.0 = Debug|Any CPU
		{8F9C74CC-FC39-460C-9DF9-DD7313CDB58A}.Release|Any CPU.ActiveCfg = Release|Any CPU
		{8F9C74CC-FC39-460C-9DF9-DD7313CDB58A}.Release|Any CPU.Build.0 = Release|Any CPU
	EndGlobalSection
	GlobalSection(SolutionProperties) = preSolution
		HideSolutionNode = FALSE
	EndGlobalSection
	GlobalSection(ExtensibilityGlobals) = postSolution
		SolutionGuid = {526A3604-9957-4843-83F1-665CD2D2505F}
	EndGlobalSection
EndGlobal
